
Microsoft Visual Studio Solution File, Format Version 12.00
# Visual Studio Version 16
VisualStudioVersion = 16.0.31729.503
MinimumVisualStudioVersion = 10.0.40219.1
Project("{9A19103F-16F7-4668-BE54-9A1E7A4F7556}") = "ApiProjectMgmtTracker", "ProjectManagementTracker\ApiProjectMgmtTracker.csproj", "{70B9A337-8382-4226-8DF7-9F51BA6CBA0C}"
EndProject
Project("{9A19103F-16F7-4668-BE54-9A1E7A4F7556}") = "ApiProjectMgmt.Models", "ProjectManagement.Models\ApiProjectMgmt.Models.csproj", "{89D25C28-9D42-46BF-9BB3-703339F67042}"
EndProject
Project("{9A19103F-16F7-4668-BE54-9A1E7A4F7556}") = "ApiProjectMgmtTracker.Business", "ProjectManagementTracker.Business\ApiProjectMgmtTracker.Business.csproj", "{7543DD72-959A-4414-B21F-C6E6197406B5}"
EndProject
Project("{9A19103F-16F7-4668-BE54-9A1E7A4F7556}") = "ApiProjectMgmtTracker.DAL", "ProjectManagementTracker.DAL\ApiProjectMgmtTracker.DAL.csproj", "{F5A4B68B-F350-4942-A3BB-D35883F2A021}"
EndProject
Project("{9A19103F-16F7-4668-BE54-9A1E7A4F7556}") = "ApiProjectMgmtTracker.Test", "ProjectManagementTracker.Test\ApiProjectMgmtTracker.Test.csproj", "{74CDDC85-21FE-422C-B6AE-BADDD2F12AB3}"
EndProject
Global
	GlobalSection(SolutionConfigurationPlatforms) = preSolution
		Debug|Any CPU = Debug|Any CPU
		Release|Any CPU = Release|Any CPU
	EndGlobalSection
	GlobalSection(ProjectConfigurationPlatforms) = postSolution
		{70B9A337-8382-4226-8DF7-9F51BA6CBA0C}.Debug|Any CPU.ActiveCfg = Debug|Any CPU
		{70B9A337-8382-4226-8DF7-9F51BA6CBA0C}.Debug|Any CPU.Build.0 = Debug|Any CPU
		{70B9A337-8382-4226-8DF7-9F51BA6CBA0C}.Release|Any CPU.ActiveCfg = Release|Any CPU
		{70B9A337-8382-4226-8DF7-9F51BA6CBA0C}.Release|Any CPU.Build.0 = Release|Any CPU
		{89D25C28-9D42-46BF-9BB3-703339F67042}.Debug|Any CPU.ActiveCfg = Debug|Any CPU
		{89D25C28-9D42-46BF-9BB3-703339F67042}.Debug|Any CPU.Build.0 = Debug|Any CPU
		{89D25C28-9D42-46BF-9BB3-703339F67042}.Release|Any CPU.ActiveCfg = Release|Any CPU
		{89D25C28-9D42-46BF-9BB3-703339F67042}.Release|Any CPU.Build.0 = Release|Any CPU
		{7543DD72-959A-4414-B21F-C6E6197406B5}.Debug|Any CPU.ActiveCfg = Debug|Any CPU
		{7543DD72-959A-4414-B21F-C6E6197406B5}.Debug|Any CPU.Build.0 = Debug|Any CPU
		{7543DD72-959A-4414-B21F-C6E6197406B5}.Release|Any CPU.ActiveCfg = Release|Any CPU
		{7543DD72-959A-4414-B21F-C6E6197406B5}.Release|Any CPU.Build.0 = Release|Any CPU
		{F5A4B68B-F350-4942-A3BB-D35883F2A021}.Debug|Any CPU.ActiveCfg = Debug|Any CPU
		{F5A4B68B-F350-4942-A3BB-D35883F2A021}.Debug|Any CPU.Build.0 = Debug|Any CPU
		{F5A4B68B-F350-4942-A3BB-D35883F2A021}.Release|Any CPU.ActiveCfg = Release|Any CPU
		{F5A4B68B-F350-4942-A3BB-D35883F2A021}.Release|Any CPU.Build.0 = Release|Any CPU
		{74CDDC85-21FE-422C-B6AE-BADDD2F12AB3}.Debug|Any CPU.ActiveCfg = Debug|Any CPU
		{74CDDC85-21FE-422C-B6AE-BADDD2F12AB3}.Debug|Any CPU.Build.0 = Debug|Any CPU
		{74CDDC85-21FE-422C-B6AE-BADDD2F12AB3}.Release|Any CPU.ActiveCfg = Release|Any CPU
		{74CDDC85-21FE-422C-B6AE-BADDD2F12AB3}.Release|Any CPU.Build.0 = Release|Any CPU
	EndGlobalSection
	GlobalSection(SolutionProperties) = preSolution
		HideSolutionNode = FALSE
	EndGlobalSection
	GlobalSection(ExtensibilityGlobals) = postSolution
		SolutionGuid = {952A23BD-45D3-464B-B9A6-42810F728F75}
	EndGlobalSection
EndGlobal
